// !$*UTF8*$!
{
	archiveVersion = 1;
	classes = {
	};
	objectVersion = 56;
	objects = {

/* Begin PBXBuildFile section */
		5A1532B52B8146C30019FCCD /* feed.json in Resources */ = {isa = PBXBuildFile; fileRef = 5A1532B42B8146C30019FCCD /* feed.json */; };
		5A1532B82B815A0A0019FCCD /* MediaItem.swift in Sources */ = {isa = PBXBuildFile; fileRef = 5A1532B72B815A0A0019FCCD /* MediaItem.swift */; };
		5A1532BA2B815A220019FCCD /* Items.swift in Sources */ = {isa = PBXBuildFile; fileRef = 5A1532B92B815A220019FCCD /* Items.swift */; };
		5A1532BC2B815A500019FCCD /* PromoItem.swift in Sources */ = {isa = PBXBuildFile; fileRef = 5A1532BB2B815A500019FCCD /* PromoItem.swift */; };
		5A1532BE2B815A6D0019FCCD /* Creator.swift in Sources */ = {isa = PBXBuildFile; fileRef = 5A1532BD2B815A6D0019FCCD /* Creator.swift */; };
		5A1532C12B815CFE0019FCCD /* SafeAreaEnvironment.swift in Sources */ = {isa = PBXBuildFile; fileRef = 5A1532C02B815CFE0019FCCD /* SafeAreaEnvironment.swift */; };
		5A1532C32B815D5D0019FCCD /* LabelVerticalStyle.swift in Sources */ = {isa = PBXBuildFile; fileRef = 5A1532C22B815D5D0019FCCD /* LabelVerticalStyle.swift */; };
		5A1532C82B816B300019FCCD /* ImageView.swift in Sources */ = {isa = PBXBuildFile; fileRef = 5A1532C72B816B300019FCCD /* ImageView.swift */; };
		5A1532CF2B8173CD0019FCCD /* VideoPlayer.swift in Sources */ = {isa = PBXBuildFile; fileRef = 5A1532CE2B8173CD0019FCCD /* VideoPlayer.swift */; };
		5A1532D12B817E470019FCCD /* Date+StringFormat.swift in Sources */ = {isa = PBXBuildFile; fileRef = 5A1532D02B817E470019FCCD /* Date+StringFormat.swift */; };
		5A1532D32B8181770019FCCD /* PromoCellView.swift in Sources */ = {isa = PBXBuildFile; fileRef = 5A1532D22B8181770019FCCD /* PromoCellView.swift */; };
		5A1532D52B8182300019FCCD /* WebView.swift in Sources */ = {isa = PBXBuildFile; fileRef = 5A1532D42B8182300019FCCD /* WebView.swift */; };
		5A1532D72B8183D00019FCCD /* Color+hexString.swift in Sources */ = {isa = PBXBuildFile; fileRef = 5A1532D62B8183D00019FCCD /* Color+hexString.swift */; };
		5A1532D92B819B3B0019FCCD /* ErrorToastView.swift in Sources */ = {isa = PBXBuildFile; fileRef = 5A1532D82B819B3A0019FCCD /* ErrorToastView.swift */; };
		5A1532DB2B81A5730019FCCD /* FavouritesDataManager.swift in Sources */ = {isa = PBXBuildFile; fileRef = 5A1532DA2B81A5730019FCCD /* FavouritesDataManager.swift */; };
		5A1532DF2B81A62F0019FCCD /* CoreStore in Frameworks */ = {isa = PBXBuildFile; productRef = 5A1532DE2B81A62F0019FCCD /* CoreStore */; };
		5A3874602B813CB500F63F15 /* FeedDataManager.swift in Sources */ = {isa = PBXBuildFile; fileRef = 5A38745F2B813CB500F63F15 /* FeedDataManager.swift */; };
		5A39F4362B81B81700225502 /* Assets.xcassets in Resources */ = {isa = PBXBuildFile; fileRef = 5A39F4332B81B7B100225502 /* Assets.xcassets */; };
		5A39F43A2B81B95000225502 /* Preview Assets.xcassets in Resources */ = {isa = PBXBuildFile; fileRef = 5A39F4392B81B95000225502 /* Preview Assets.xcassets */; };
		5A6E14852B79945600C7EE24 /* MediaCellView.swift in Sources */ = {isa = PBXBuildFile; fileRef = 5A6E14842B79945600C7EE24 /* MediaCellView.swift */; };
		5A80AD972B81BC9300CC08BC /* FavouriteItem.swift in Sources */ = {isa = PBXBuildFile; fileRef = 5A80AD962B81BC9300CC08BC /* FavouriteItem.swift */; };
		5AC5453B2B7974DB00908AD0 /* FeedWorldApp.swift in Sources */ = {isa = PBXBuildFile; fileRef = 5AC5453A2B7974DB00908AD0 /* FeedWorldApp.swift */; };
		5AC5453D2B7974DB00908AD0 /* MainTabView.swift in Sources */ = {isa = PBXBuildFile; fileRef = 5AC5453C2B7974DB00908AD0 /* MainTabView.swift */; };
		5AC5454B2B79766C00908AD0 /* FeedView.swift in Sources */ = {isa = PBXBuildFile; fileRef = 5AC5454A2B79766C00908AD0 /* FeedView.swift */; };
		5AC5454D2B79768300908AD0 /* FavouritesView.swift in Sources */ = {isa = PBXBuildFile; fileRef = 5AC5454C2B79768300908AD0 /* FavouritesView.swift */; };
/* End PBXBuildFile section */

/* Begin PBXFileReference section */
		5A1532B42B8146C30019FCCD /* feed.json */ = {isa = PBXFileReference; fileEncoding = 4; lastKnownFileType = text.json; path = feed.json; sourceTree = "<group>"; };
		5A1532B72B815A0A0019FCCD /* MediaItem.swift */ = {isa = PBXFileReference; lastKnownFileType = sourcecode.swift; path = MediaItem.swift; sourceTree = "<group>"; };
		5A1532B92B815A220019FCCD /* Items.swift */ = {isa = PBXFileReference; lastKnownFileType = sourcecode.swift; path = Items.swift; sourceTree = "<group>"; };
		5A1532BB2B815A500019FCCD /* PromoItem.swift */ = {isa = PBXFileReference; lastKnownFileType = sourcecode.swift; path = PromoItem.swift; sourceTree = "<group>"; };
		5A1532BD2B815A6D0019FCCD /* Creator.swift */ = {isa = PBXFileReference; lastKnownFileType = sourcecode.swift; path = Creator.swift; sourceTree = "<group>"; };
		5A1532C02B815CFE0019FCCD /* SafeAreaEnvironment.swift */ = {isa = PBXFileReference; lastKnownFileType = sourcecode.swift; path = SafeAreaEnvironment.swift; sourceTree = "<group>"; };
		5A1532C22B815D5D0019FCCD /* LabelVerticalStyle.swift */ = {isa = PBXFileReference; lastKnownFileType = sourcecode.swift; path = LabelVerticalStyle.swift; sourceTree = "<group>"; };
		5A1532C72B816B300019FCCD /* ImageView.swift */ = {isa = PBXFileReference; lastKnownFileType = sourcecode.swift; path = ImageView.swift; sourceTree = "<group>"; };
		5A1532CE2B8173CD0019FCCD /* VideoPlayer.swift */ = {isa = PBXFileReference; lastKnownFileType = sourcecode.swift; path = VideoPlayer.swift; sourceTree = "<group>"; };
		5A1532D02B817E470019FCCD /* Date+StringFormat.swift */ = {isa = PBXFileReference; lastKnownFileType = sourcecode.swift; path = "Date+StringFormat.swift"; sourceTree = "<group>"; };
		5A1532D22B8181770019FCCD /* PromoCellView.swift */ = {isa = PBXFileReference; lastKnownFileType = sourcecode.swift; path = PromoCellView.swift; sourceTree = "<group>"; };
		5A1532D42B8182300019FCCD /* WebView.swift */ = {isa = PBXFileReference; lastKnownFileType = sourcecode.swift; path = WebView.swift; sourceTree = "<group>"; };
		5A1532D62B8183D00019FCCD /* Color+hexString.swift */ = {isa = PBXFileReference; lastKnownFileType = sourcecode.swift; path = "Color+hexString.swift"; sourceTree = "<group>"; };
		5A1532D82B819B3A0019FCCD /* ErrorToastView.swift */ = {isa = PBXFileReference; lastKnownFileType = sourcecode.swift; path = ErrorToastView.swift; sourceTree = "<group>"; };
		5A1532DA2B81A5730019FCCD /* FavouritesDataManager.swift */ = {isa = PBXFileReference; lastKnownFileType = sourcecode.swift; path = FavouritesDataManager.swift; sourceTree = "<group>"; };
		5A1532DC2B81A5F80019FCCD /* Info.plist */ = {isa = PBXFileReference; lastKnownFileType = text.plist.xml; path = Info.plist; sourceTree = "<group>"; };
		5A38745F2B813CB500F63F15 /* FeedDataManager.swift */ = {isa = PBXFileReference; lastKnownFileType = sourcecode.swift; path = FeedDataManager.swift; sourceTree = "<group>"; };
		5A39F4332B81B7B100225502 /* Assets.xcassets */ = {isa = PBXFileReference; lastKnownFileType = folder.assetcatalog; path = Assets.xcassets; sourceTree = "<group>"; };
		5A39F4392B81B95000225502 /* Preview Assets.xcassets */ = {isa = PBXFileReference; lastKnownFileType = folder.assetcatalog; path = "Preview Assets.xcassets"; sourceTree = "<group>"; };
		5A6E14842B79945600C7EE24 /* MediaCellView.swift */ = {isa = PBXFileReference; lastKnownFileType = sourcecode.swift; path = MediaCellView.swift; sourceTree = "<group>"; };
		5A80AD962B81BC9300CC08BC /* FavouriteItem.swift */ = {isa = PBXFileReference; lastKnownFileType = sourcecode.swift; path = FavouriteItem.swift; sourceTree = "<group>"; };
		5AC545372B7974DB00908AD0 /* FeedWorld.app */ = {isa = PBXFileReference; explicitFileType = wrapper.application; includeInIndex = 0; path = FeedWorld.app; sourceTree = BUILT_PRODUCTS_DIR; };
		5AC5453A2B7974DB00908AD0 /* FeedWorldApp.swift */ = {isa = PBXFileReference; lastKnownFileType = sourcecode.swift; path = FeedWorldApp.swift; sourceTree = "<group>"; };
		5AC5453C2B7974DB00908AD0 /* MainTabView.swift */ = {isa = PBXFileReference; lastKnownFileType = sourcecode.swift; path = MainTabView.swift; sourceTree = "<group>"; };
		5AC5454A2B79766C00908AD0 /* FeedView.swift */ = {isa = PBXFileReference; lastKnownFileType = sourcecode.swift; path = FeedView.swift; sourceTree = "<group>"; };
		5AC5454C2B79768300908AD0 /* FavouritesView.swift */ = {isa = PBXFileReference; lastKnownFileType = sourcecode.swift; path = FavouritesView.swift; sourceTree = "<group>"; };
/* End PBXFileReference section */

/* Begin PBXFrameworksBuildPhase section */
		5AC545342B7974DB00908AD0 /* Frameworks */ = {
			isa = PBXFrameworksBuildPhase;
			buildActionMask = 2147483647;
			files = (
				5A1532DF2B81A62F0019FCCD /* CoreStore in Frameworks */,
			);
			runOnlyForDeploymentPostprocessing = 0;
		};
/* End PBXFrameworksBuildPhase section */

/* Begin PBXGroup section */
		5A1532B22B81467D0019FCCD /* DataManagers */ = {
			isa = PBXGroup;
			children = (
				5A80AD952B81BC7300CC08BC /* Favorites */,
				5A80AD942B81BC6A00CC08BC /* Feed */,
			);
			path = DataManagers;
			sourceTree = "<group>";
		};
		5A1532B32B8146880019FCCD /* Resources */ = {
			isa = PBXGroup;
			children = (
				5AC545402B7974DC00908AD0 /* Preview Content */,
				5A1532B42B8146C30019FCCD /* feed.json */,
			);
			path = Resources;
			sourceTree = "<group>";
		};
		5A1532B62B8159FF0019FCCD /* Models */ = {
			isa = PBXGroup;
			children = (
				5A1532BB2B815A500019FCCD /* PromoItem.swift */,
				5A1532B72B815A0A0019FCCD /* MediaItem.swift */,
				5A1532B92B815A220019FCCD /* Items.swift */,
				5A1532BD2B815A6D0019FCCD /* Creator.swift */,
			);
			path = Models;
			sourceTree = "<group>";
		};
		5A1532BF2B815CE60019FCCD /* Extensions */ = {
			isa = PBXGroup;
			children = (
				5A1532C02B815CFE0019FCCD /* SafeAreaEnvironment.swift */,
				5A1532C22B815D5D0019FCCD /* LabelVerticalStyle.swift */,
				5A1532D02B817E470019FCCD /* Date+StringFormat.swift */,
				5A1532D62B8183D00019FCCD /* Color+hexString.swift */,
			);
			path = Extensions;
			sourceTree = "<group>";
		};
		5A1532C42B815D810019FCCD /* Cells */ = {
			isa = PBXGroup;
			children = (
				5A6E14842B79945600C7EE24 /* MediaCellView.swift */,
				5A1532D22B8181770019FCCD /* PromoCellView.swift */,
			);
			path = Cells;
			sourceTree = "<group>";
		};
		5A1532CD2B8173AF0019FCCD /* Views */ = {
			isa = PBXGroup;
			children = (
				5A80AD982B81BD2800CC08BC /* Common */,
				5AC545492B79765800908AD0 /* Favorites */,
				5AC545482B79764E00908AD0 /* Feed */,
			);
			path = Views;
			sourceTree = "<group>";
		};
		5A80AD942B81BC6A00CC08BC /* Feed */ = {
			isa = PBXGroup;
			children = (
				5A38745F2B813CB500F63F15 /* FeedDataManager.swift */,
				5A1532B62B8159FF0019FCCD /* Models */,
			);
			path = Feed;
			sourceTree = "<group>";
		};
		5A80AD952B81BC7300CC08BC /* Favorites */ = {
			isa = PBXGroup;
			children = (
				5A1532DA2B81A5730019FCCD /* FavouritesDataManager.swift */,
				5A80AD962B81BC9300CC08BC /* FavouriteItem.swift */,
			);
			path = Favorites;
			sourceTree = "<group>";
		};
		5A80AD982B81BD2800CC08BC /* Common */ = {
			isa = PBXGroup;
			children = (
				5A1532C72B816B300019FCCD /* ImageView.swift */,
				5A1532CE2B8173CD0019FCCD /* VideoPlayer.swift */,
				5A1532D42B8182300019FCCD /* WebView.swift */,
				5A1532D82B819B3A0019FCCD /* ErrorToastView.swift */,
			);
			path = Common;
			sourceTree = "<group>";
		};
		5AC5452E2B7974DB00908AD0 = {
			isa = PBXGroup;
			children = (
				5AC545392B7974DB00908AD0 /* FeedWorld */,
				5AC545382B7974DB00908AD0 /* Products */,
			);
			sourceTree = "<group>";
		};
		5AC545382B7974DB00908AD0 /* Products */ = {
			isa = PBXGroup;
			children = (
				5AC545372B7974DB00908AD0 /* FeedWorld.app */,
			);
			name = Products;
			sourceTree = "<group>";
		};
		5AC545392B7974DB00908AD0 /* FeedWorld */ = {
			isa = PBXGroup;
			children = (
				5A39F4332B81B7B100225502 /* Assets.xcassets */,
				5A1532DC2B81A5F80019FCCD /* Info.plist */,
				5A1532CD2B8173AF0019FCCD /* Views */,
				5A1532BF2B815CE60019FCCD /* Extensions */,
				5A1532B32B8146880019FCCD /* Resources */,
				5A1532B22B81467D0019FCCD /* DataManagers */,
				5AC5453A2B7974DB00908AD0 /* FeedWorldApp.swift */,
				5AC5453C2B7974DB00908AD0 /* MainTabView.swift */,
			);
			path = FeedWorld;
			sourceTree = "<group>";
		};
		5AC545402B7974DC00908AD0 /* Preview Content */ = {
			isa = PBXGroup;
			children = (
				5A39F4392B81B95000225502 /* Preview Assets.xcassets */,
			);
			path = "Preview Content";
			sourceTree = "<group>";
		};
		5AC545482B79764E00908AD0 /* Feed */ = {
			isa = PBXGroup;
			children = (
				5A1532C42B815D810019FCCD /* Cells */,
				5AC5454A2B79766C00908AD0 /* FeedView.swift */,
			);
			path = Feed;
			sourceTree = "<group>";
		};
		5AC545492B79765800908AD0 /* Favorites */ = {
			isa = PBXGroup;
			children = (
				5AC5454C2B79768300908AD0 /* FavouritesView.swift */,
			);
			path = Favorites;
			sourceTree = "<group>";
		};
/* End PBXGroup section */

/* Begin PBXNativeTarget section */
		5AC545362B7974DB00908AD0 /* FeedWorld */ = {
			isa = PBXNativeTarget;
			buildConfigurationList = 5AC545452B7974DC00908AD0 /* Build configuration list for PBXNativeTarget "FeedWorld" */;
			buildPhases = (
				5AC545332B7974DB00908AD0 /* Sources */,
				5AC545342B7974DB00908AD0 /* Frameworks */,
				5AC545352B7974DB00908AD0 /* Resources */,
			);
			buildRules = (
			);
			dependencies = (
			);
			name = FeedWorld;
			packageProductDependencies = (
				5A1532DE2B81A62F0019FCCD /* CoreStore */,
			);
			productName = FeedWorld;
			productReference = 5AC545372B7974DB00908AD0 /* FeedWorld.app */;
			productType = "com.apple.product-type.application";
		};
/* End PBXNativeTarget section */

/* Begin PBXProject section */
		5AC5452F2B7974DB00908AD0 /* Project object */ = {
			isa = PBXProject;
			attributes = {
				BuildIndependentTargetsInParallel = 1;
				LastSwiftUpdateCheck = 1430;
				LastUpgradeCheck = 1520;
				TargetAttributes = {
					5AC545362B7974DB00908AD0 = {
						CreatedOnToolsVersion = 14.3.1;
					};
				};
			};
			buildConfigurationList = 5AC545322B7974DB00908AD0 /* Build configuration list for PBXProject "FeedWorld" */;
			compatibilityVersion = "Xcode 14.0";
			developmentRegion = en;
			hasScannedForEncodings = 0;
			knownRegions = (
				en,
				Base,
			);
			mainGroup = 5AC5452E2B7974DB00908AD0;
			packageReferences = (
				5A1532DD2B81A62F0019FCCD /* XCRemoteSwiftPackageReference "CoreStore" */,
			);
			productRefGroup = 5AC545382B7974DB00908AD0 /* Products */;
			projectDirPath = "";
			projectRoot = "";
			targets = (
				5AC545362B7974DB00908AD0 /* FeedWorld */,
			);
		};
/* End PBXProject section */

/* Begin PBXResourcesBuildPhase section */
		5AC545352B7974DB00908AD0 /* Resources */ = {
			isa = PBXResourcesBuildPhase;
			buildActionMask = 2147483647;
			files = (
				5A39F4362B81B81700225502 /* Assets.xcassets in Resources */,
				5A39F43A2B81B95000225502 /* Preview Assets.xcassets in Resources */,
				5A1532B52B8146C30019FCCD /* feed.json in Resources */,
			);
			runOnlyForDeploymentPostprocessing = 0;
		};
/* End PBXResourcesBuildPhase section */

/* Begin PBXSourcesBuildPhase section */
		5AC545332B7974DB00908AD0 /* Sources */ = {
			isa = PBXSourcesBuildPhase;
			buildActionMask = 2147483647;
			files = (
				5A1532BC2B815A500019FCCD /* PromoItem.swift in Sources */,
				5A1532BA2B815A220019FCCD /* Items.swift in Sources */,
				5A1532C12B815CFE0019FCCD /* SafeAreaEnvironment.swift in Sources */,
				5A1532BE2B815A6D0019FCCD /* Creator.swift in Sources */,
				5A1532C82B816B300019FCCD /* ImageView.swift in Sources */,
				5A1532DB2B81A5730019FCCD /* FavouritesDataManager.swift in Sources */,
				5A1532B82B815A0A0019FCCD /* MediaItem.swift in Sources */,
				5A1532D32B8181770019FCCD /* PromoCellView.swift in Sources */,
				5A80AD972B81BC9300CC08BC /* FavouriteItem.swift in Sources */,
				5AC5454D2B79768300908AD0 /* FavouritesView.swift in Sources */,
				5A1532D12B817E470019FCCD /* Date+StringFormat.swift in Sources */,
				5A1532C32B815D5D0019FCCD /* LabelVerticalStyle.swift in Sources */,
				5A3874602B813CB500F63F15 /* FeedDataManager.swift in Sources */,
				5A1532D52B8182300019FCCD /* WebView.swift in Sources */,
				5A1532D72B8183D00019FCCD /* Color+hexString.swift in Sources */,
				5AC5453D2B7974DB00908AD0 /* MainTabView.swift in Sources */,
				5A1532CF2B8173CD0019FCCD /* VideoPlayer.swift in Sources */,
				5AC5454B2B79766C00908AD0 /* FeedView.swift in Sources */,
				5A1532D92B819B3B0019FCCD /* ErrorToastView.swift in Sources */,
				5AC5453B2B7974DB00908AD0 /* FeedWorldApp.swift in Sources */,
				5A6E14852B79945600C7EE24 /* MediaCellView.swift in Sources */,
			);
			runOnlyForDeploymentPostprocessing = 0;
		};
/* End PBXSourcesBuildPhase section */

/* Begin XCBuildConfiguration section */
		5AC545432B7974DC00908AD0 /* Debug */ = {
			isa = XCBuildConfiguration;
			buildSettings = {
				ALWAYS_SEARCH_USER_PATHS = NO;
				CLANG_ANALYZER_NONNULL = YES;
				CLANG_ANALYZER_NUMBER_OBJECT_CONVERSION = YES_AGGRESSIVE;
				CLANG_CXX_LANGUAGE_STANDARD = "gnu++20";
				CLANG_ENABLE_MODULES = YES;
				CLANG_ENABLE_OBJC_ARC = YES;
				CLANG_ENABLE_OBJC_WEAK = YES;
				CLANG_WARN_BLOCK_CAPTURE_AUTORELEASING = YES;
				CLANG_WARN_BOOL_CONVERSION = YES;
				CLANG_WARN_COMMA = YES;
				CLANG_WARN_CONSTANT_CONVERSION = YES;
				CLANG_WARN_DEPRECATED_OBJC_IMPLEMENTATIONS = YES;
				CLANG_WARN_DIRECT_OBJC_ISA_USAGE = YES_ERROR;
				CLANG_WARN_DOCUMENTATION_COMMENTS = YES;
				CLANG_WARN_EMPTY_BODY = YES;
				CLANG_WARN_ENUM_CONVERSION = YES;
				CLANG_WARN_INFINITE_RECURSION = YES;
				CLANG_WARN_INT_CONVERSION = YES;
				CLANG_WARN_NON_LITERAL_NULL_CONVERSION = YES;
				CLANG_WARN_OBJC_IMPLICIT_RETAIN_SELF = YES;
				CLANG_WARN_OBJC_LITERAL_CONVERSION = YES;
				CLANG_WARN_OBJC_ROOT_CLASS = YES_ERROR;
				CLANG_WARN_QUOTED_INCLUDE_IN_FRAMEWORK_HEADER = YES;
				CLANG_WARN_RANGE_LOOP_ANALYSIS = YES;
				CLANG_WARN_STRICT_PROTOTYPES = YES;
				CLANG_WARN_SUSPICIOUS_MOVE = YES;
				CLANG_WARN_UNGUARDED_AVAILABILITY = YES_AGGRESSIVE;
				CLANG_WARN_UNREACHABLE_CODE = YES;
				CLANG_WARN__DUPLICATE_METHOD_MATCH = YES;
				COPY_PHASE_STRIP = NO;
				DEBUG_INFORMATION_FORMAT = dwarf;
				ENABLE_STRICT_OBJC_MSGSEND = YES;
				ENABLE_TESTABILITY = YES;
				ENABLE_USER_SCRIPT_SANDBOXING = YES;
				GCC_C_LANGUAGE_STANDARD = gnu11;
				GCC_DYNAMIC_NO_PIC = NO;
				GCC_NO_COMMON_BLOCKS = YES;
				GCC_OPTIMIZATION_LEVEL = 0;
				GCC_PREPROCESSOR_DEFINITIONS = (
					"DEBUG=1",
					"$(inherited)",
				);
				GCC_WARN_64_TO_32_BIT_CONVERSION = YES;
				GCC_WARN_ABOUT_RETURN_TYPE = YES_ERROR;
				GCC_WARN_UNDECLARED_SELECTOR = YES;
				GCC_WARN_UNINITIALIZED_AUTOS = YES_AGGRESSIVE;
				GCC_WARN_UNUSED_FUNCTION = YES;
				GCC_WARN_UNUSED_VARIABLE = YES;
				IPHONEOS_DEPLOYMENT_TARGET = 16.4;
				MTL_ENABLE_DEBUG_INFO = INCLUDE_SOURCE;
				MTL_FAST_MATH = YES;
				ONLY_ACTIVE_ARCH = YES;
				SDKROOT = iphoneos;
				SWIFT_ACTIVE_COMPILATION_CONDITIONS = DEBUG;
				SWIFT_OPTIMIZATION_LEVEL = "-Onone";
			};
			name = Debug;
		};
		5AC545442B7974DC00908AD0 /* Release */ = {
			isa = XCBuildConfiguration;
			buildSettings = {
				ALWAYS_SEARCH_USER_PATHS = NO;
				CLANG_ANALYZER_NONNULL = YES;
				CLANG_ANALYZER_NUMBER_OBJECT_CONVERSION = YES_AGGRESSIVE;
				CLANG_CXX_LANGUAGE_STANDARD = "gnu++20";
				CLANG_ENABLE_MODULES = YES;
				CLANG_ENABLE_OBJC_ARC = YES;
				CLANG_ENABLE_OBJC_WEAK = YES;
				CLANG_WARN_BLOCK_CAPTURE_AUTORELEASING = YES;
				CLANG_WARN_BOOL_CONVERSION = YES;
				CLANG_WARN_COMMA = YES;
				CLANG_WARN_CONSTANT_CONVERSION = YES;
				CLANG_WARN_DEPRECATED_OBJC_IMPLEMENTATIONS = YES;
				CLANG_WARN_DIRECT_OBJC_ISA_USAGE = YES_ERROR;
				CLANG_WARN_DOCUMENTATION_COMMENTS = YES;
				CLANG_WARN_EMPTY_BODY = YES;
				CLANG_WARN_ENUM_CONVERSION = YES;
				CLANG_WARN_INFINITE_RECURSION = YES;
				CLANG_WARN_INT_CONVERSION = YES;
				CLANG_WARN_NON_LITERAL_NULL_CONVERSION = YES;
				CLANG_WARN_OBJC_IMPLICIT_RETAIN_SELF = YES;
				CLANG_WARN_OBJC_LITERAL_CONVERSION = YES;
				CLANG_WARN_OBJC_ROOT_CLASS = YES_ERROR;
				CLANG_WARN_QUOTED_INCLUDE_IN_FRAMEWORK_HEADER = YES;
				CLANG_WARN_RANGE_LOOP_ANALYSIS = YES;
				CLANG_WARN_STRICT_PROTOTYPES = YES;
				CLANG_WARN_SUSPICIOUS_MOVE = YES;
				CLANG_WARN_UNGUARDED_AVAILABILITY = YES_AGGRESSIVE;
				CLANG_WARN_UNREACHABLE_CODE = YES;
				CLANG_WARN__DUPLICATE_METHOD_MATCH = YES;
				COPY_PHASE_STRIP = NO;
				DEBUG_INFORMATION_FORMAT = "dwarf-with-dsym";
				ENABLE_NS_ASSERTIONS = NO;
				ENABLE_STRICT_OBJC_MSGSEND = YES;
				ENABLE_USER_SCRIPT_SANDBOXING = YES;
				GCC_C_LANGUAGE_STANDARD = gnu11;
				GCC_NO_COMMON_BLOCKS = YES;
				GCC_WARN_64_TO_32_BIT_CONVERSION = YES;
				GCC_WARN_ABOUT_RETURN_TYPE = YES_ERROR;
				GCC_WARN_UNDECLARED_SELECTOR = YES;
				GCC_WARN_UNINITIALIZED_AUTOS = YES_AGGRESSIVE;
				GCC_WARN_UNUSED_FUNCTION = YES;
				GCC_WARN_UNUSED_VARIABLE = YES;
				IPHONEOS_DEPLOYMENT_TARGET = 16.4;
				MTL_ENABLE_DEBUG_INFO = NO;
				MTL_FAST_MATH = YES;
				SDKROOT = iphoneos;
				SWIFT_COMPILATION_MODE = wholemodule;
				SWIFT_OPTIMIZATION_LEVEL = "-O";
				VALIDATE_PRODUCT = YES;
			};
			name = Release;
		};
		5AC545462B7974DC00908AD0 /* Debug */ = {
			isa = XCBuildConfiguration;
			buildSettings = {
				ASSETCATALOG_COMPILER_APPICON_NAME = AppIcon;
				ASSETCATALOG_COMPILER_GLOBAL_ACCENT_COLOR_NAME = AccentColor;
				ASSETCATALOG_COMPILER_INCLUDE_ALL_APPICON_ASSETS = YES;
				CODE_SIGN_STYLE = Automatic;
				CURRENT_PROJECT_VERSION = 1;
				DEVELOPMENT_ASSET_PATHS = FeedWorld/Assets.xcassets;
				DEVELOPMENT_TEAM = RAR2BY5DT6;
				ENABLE_PREVIEWS = YES;
				GENERATE_INFOPLIST_FILE = YES;
				INFOPLIST_FILE = FeedWorld/Info.plist;
				INFOPLIST_KEY_UIApplicationSceneManifest_Generation = YES;
				INFOPLIST_KEY_UIApplicationSupportsIndirectInputEvents = YES;
				INFOPLIST_KEY_UISupportedInterfaceOrientations = UIInterfaceOrientationPortrait;
				INFOPLIST_KEY_UISupportedInterfaceOrientations_iPad = "UIInterfaceOrientationLandscapeLeft UIInterfaceOrientationLandscapeRight UIInterfaceOrientationPortrait UIInterfaceOrientationPortraitUpsideDown";
				IPHONEOS_DEPLOYMENT_TARGET = 17.0;
				LD_RUNPATH_SEARCH_PATHS = (
					"$(inherited)",
					"@executable_path/Frameworks",
				);
				MARKETING_VERSION = 1.0;
				PRODUCT_BUNDLE_IDENTIFIER = samostroyenko.FeedWorld;
				PRODUCT_NAME = "$(TARGET_NAME)";
				SUPPORTED_PLATFORMS = "iphoneos iphonesimulator";
				SUPPORTS_MACCATALYST = NO;
				SUPPORTS_MAC_DESIGNED_FOR_IPHONE_IPAD = NO;
				SUPPORTS_XR_DESIGNED_FOR_IPHONE_IPAD = NO;
				SWIFT_EMIT_LOC_STRINGS = YES;
				SWIFT_VERSION = 5.0;
				TARGETED_DEVICE_FAMILY = 1;
			};
			name = Debug;
		};
		5AC545472B7974DC00908AD0 /* Release */ = {
			isa = XCBuildConfiguration;
			buildSettings = {
				ASSETCATALOG_COMPILER_APPICON_NAME = AppIcon;
				ASSETCATALOG_COMPILER_GLOBAL_ACCENT_COLOR_NAME = AccentColor;
				ASSETCATALOG_COMPILER_INCLUDE_ALL_APPICON_ASSETS = YES;
				CODE_SIGN_STYLE = Automatic;
				CURRENT_PROJECT_VERSION = 1;
				DEVELOPMENT_ASSET_PATHS = FeedWorld/Assets.xcassets;
				DEVELOPMENT_TEAM = RAR2BY5DT6;
				ENABLE_PREVIEWS = YES;
				GENERATE_INFOPLIST_FILE = YES;
				INFOPLIST_FILE = FeedWorld/Info.plist;
				INFOPLIST_KEY_UIApplicationSceneManifest_Generation = YES;
				INFOPLIST_KEY_UIApplicationSupportsIndirectInputEvents = YES;
				INFOPLIST_KEY_UISupportedInterfaceOrientations = UIInterfaceOrientationPortrait;
				INFOPLIST_KEY_UISupportedInterfaceOrientations_iPad = "UIInterfaceOrientationLandscapeLeft UIInterfaceOrientationLandscapeRight UIInterfaceOrientationPortrait UIInterfaceOrientationPortraitUpsideDown";
				IPHONEOS_DEPLOYMENT_TARGET = 17.0;
				LD_RUNPATH_SEARCH_PATHS = (
					"$(inherited)",
					"@executable_path/Frameworks",
				);
				MARKETING_VERSION = 1.0;
				PRODUCT_BUNDLE_IDENTIFIER = samostroyenko.FeedWorld;
				PRODUCT_NAME = "$(TARGET_NAME)";
				SUPPORTED_PLATFORMS = "iphoneos iphonesimulator";
				SUPPORTS_MACCATALYST = NO;
				SUPPORTS_MAC_DESIGNED_FOR_IPHONE_IPAD = NO;
				SUPPORTS_XR_DESIGNED_FOR_IPHONE_IPAD = NO;
				SWIFT_EMIT_LOC_STRINGS = YES;
				SWIFT_VERSION = 5.0;
				TARGETED_DEVICE_FAMILY = 1;
			};
			name = Release;
		};
/* End XCBuildConfiguration section */

/* Begin XCConfigurationList section */
		5AC545322B7974DB00908AD0 /* Build configuration list for PBXProject "FeedWorld" */ = {
			isa = XCConfigurationList;
			buildConfigurations = (
				5AC545432B7974DC00908AD0 /* Debug */,
				5AC545442B7974DC00908AD0 /* Release */,
			);
			defaultConfigurationIsVisible = 0;
			defaultConfigurationName = Release;
		};
		5AC545452B7974DC00908AD0 /* Build configuration list for PBXNativeTarget "FeedWorld" */ = {
			isa = XCConfigurationList;
			buildConfigurations = (
				5AC545462B7974DC00908AD0 /* Debug */,
				5AC545472B7974DC00908AD0 /* Release */,
			);
			defaultConfigurationIsVisible = 0;
			defaultConfigurationName = Release;
		};
/* End XCConfigurationList section */

/* Begin XCRemoteSwiftPackageReference section */
		5A1532DD2B81A62F0019FCCD /* XCRemoteSwiftPackageReference "CoreStore" */ = {
			isa = XCRemoteSwiftPackageReference;
			repositoryURL = "https://github.com/JohnEstropia/CoreStore.git";
			requirement = {
				kind = upToNextMajorVersion;
				minimumVersion = 9.2.0;
			};
		};
/* End XCRemoteSwiftPackageReference section */

/* Begin XCSwiftPackageProductDependency section */
		5A1532DE2B81A62F0019FCCD /* CoreStore */ = {
			isa = XCSwiftPackageProductDependency;
			package = 5A1532DD2B81A62F0019FCCD /* XCRemoteSwiftPackageReference "CoreStore" */;
			productName = CoreStore;
		};
/* End XCSwiftPackageProductDependency section */
	};
	rootObject = 5AC5452F2B7974DB00908AD0 /* Project object */;
}
